
Microsoft Visual Studio Solution File, Format Version 12.00
# Visual Studio Version 17
VisualStudioVersion = 17.5.002.0
MinimumVisualStudioVersion = 10.0.40219.1
Project("{9A19103F-16F7-4668-BE54-9A1E7A4F7556}") = "Calculadora", "Calculadora.csproj", "{687DD9B3-A0C4-49A4-8316-9E297FC9B522}"
EndProject
Global
	GlobalSection(SolutionConfigurationPlatforms) = preSolution
		Debug|Any CPU = Debug|Any CPU
		Release|Any CPU = Release|Any CPU
	EndGlobalSection
	GlobalSection(ProjectConfigurationPlatforms) = postSolution
		{687DD9B3-A0C4-49A4-8316-9E297FC9B522}.Debug|Any CPU.ActiveCfg = Debug|Any CPU
		{687DD9B3-A0C4-49A4-8316-9E297FC9B522}.Debug|Any CPU.Build.0 = Debug|Any CPU
		{687DD9B3-A0C4-49A4-8316-9E297FC9B522}.Release|Any CPU.ActiveCfg = Release|Any CPU
		{687DD9B3-A0C4-49A4-8316-9E297FC9B522}.Release|Any CPU.Build.0 = Release|Any CPU
	EndGlobalSection
	GlobalSection(SolutionProperties) = preSolution
		HideSolutionNode = FALSE
	EndGlobalSection
	GlobalSection(ExtensibilityGlobals) = postSolution
		SolutionGuid = {00DD6B78-714A-4E54-8194-8E19ACC8816B}
	EndGlobalSection
EndGlobal
